DEPENDENCIES
  apt
  elkstack
    path: .
    metadata: true
  java
  wrapper
    path: test/fixtures/cookbooks/wrapper
  yum

GRAPH
  7-zip (1.0.2)
    windows (>= 1.2.2)
  ant (1.0.2)
    ark (>= 0.0.0)
    java (>= 0.0.0)
  apache2 (3.1.0)
  apt (2.9.2)
  ark (0.9.0)
    7-zip (>= 0.0.0)
    windows (>= 0.0.0)
  beaver (1.5.0)
    apt (>= 0.0.0)
    python (>= 0.0.0)
  bluepill (2.4.1)
    rsyslog (~> 2.0)
  build-essential (2.2.4)
  chef-sugar (3.1.1)
  chef_handler (1.2.0)
  compat_resource (12.5.14)
  cron (1.7.0)
  curl (2.0.1)
  dmg (2.3.0)
  elasticsearch (0.3.14)
    ark (>= 0.2.4)
  elkstack (6.0.4)
    apt (>= 0.0.0)
    build-essential (>= 0.0.0)
    chef-sugar (>= 0.0.0)
    cron (>= 0.0.0)
    elasticsearch (~> 0.3.14)
    firewall (>= 2.0.1)
    htpasswd (>= 0.0.0)
    kibana_lwrp (>= 0.0.0)
    line (>= 0.0.0)
    logstash (>= 0.0.0)
    newrelic_meetme_plugin (>= 0.0.0)
    nginx (>= 0.0.0)
    openssl (>= 0.0.0)
    python (>= 0.0.0)
    rackspace_monitoring (>= 0.0.0)
    rsyslog (>= 0.0.0)
    runit (>= 0.0.0)
    yum (>= 0.0.0)
  firewall (2.2.0)
    chef-sugar (>= 0.0.0)
  git (4.3.4)
    build-essential (>= 0.0.0)
    dmg (>= 0.0.0)
    windows (>= 0.0.0)
    yum-epel (>= 0.0.0)
  htpasswd (0.2.4)
    python (>= 0.0.0)
  java (1.36.0)
    apt (>= 0.0.0)
  kibana_lwrp (2.0.6)
    apache2 (>= 0.0.0)
    ark (>= 0.0.0)
    git (>= 0.0.0)
    java (>= 0.0.0)
    libarchive (>= 0.0.0)
    nginx (>= 0.0.0)
    poise (>= 0.0.0)
    runit (>= 0.0.0)
  libarchive (0.6.1)
    apt (~> 2.5)
    yum-epel (~> 0.6)
  line (0.6.3)
  logrotate (1.9.2)
  logstash (0.12.0)
    ant (>= 0.0.0)
    apt (>= 0.0.0)
    ark (>= 0.0.0)
    beaver (>= 0.0.0)
    build-essential (>= 0.0.0)
    curl (>= 0.0.0)
    elasticsearch (>= 0.0.0)
    git (>= 0.0.0)
    java (>= 0.0.0)
    logrotate (>= 0.0.0)
    python (>= 0.0.0)
    runit (>= 0.0.0)
  newrelic_meetme_plugin (0.3.0)
    apt (>= 0.0.0)
    python (>= 0.0.0)
    yum (>= 0.0.0)
  nginx (2.7.6)
    apt (~> 2.2)
    bluepill (~> 2.3)
    build-essential (~> 2.0)
    ohai (~> 2.0)
    runit (~> 1.2)
    yum-epel (~> 0.3)
  ohai (2.0.4)
  openssl (4.4.0)
    chef-sugar (>= 3.1.1)
  packagecloud (0.1.0)
  poise (2.4.0)
  python (1.4.6)
    build-essential (>= 0.0.0)
    yum-epel (>= 0.0.0)
  rackspace_monitoring (1.1.1)
    apt (>= 0.0.0)
    yum (>= 0.0.0)
  rsyslog (2.2.0)
  runit (1.7.4)
    packagecloud (>= 0.0.0)
  windows (1.38.3)
    chef_handler (>= 0.0.0)
  wrapper (0.1.1)
    elkstack (>= 0.0.0)
    java (>= 0.0.0)
  yum (3.8.2)
  yum-epel (0.6.4)
    yum (~> 3.2)
